
Microsoft Visual Studio Solution File, Format Version 12.00
Project("{FAE04EC0-301F-11D3-BF4B-00C04F79EFBC}") = "WebApplication8", "WebApplication8\WebApplication8.csproj", "{BC230A57-2178-4CFC-BDF3-A0827467CBAF}"
EndProject
Global
	GlobalSection(SolutionConfigurationPlatforms) = preSolution
		Debug|Any CPU = Debug|Any CPU
		Release|Any CPU = Release|Any CPU
	EndGlobalSection
	GlobalSection(ProjectConfigurationPlatforms) = postSolution
		{BC230A57-2178-4CFC-BDF3-A0827467CBAF}.Debug|Any CPU.ActiveCfg = Debug|Any CPU
		{BC230A57-2178-4CFC-BDF3-A0827467CBAF}.Debug|Any CPU.Build.0 = Debug|Any CPU
		{BC230A57-2178-4CFC-BDF3-A0827467CBAF}.Release|Any CPU.ActiveCfg = Release|Any CPU
		{BC230A57-2178-4CFC-BDF3-A0827467CBAF}.Release|Any CPU.Build.0 = Release|Any CPU
	EndGlobalSection
EndGlobal
